// !$*UTF8*$!
{
	archiveVersion = 1;
	classes = {
	};
	objectVersion = 50;
	objects = {

/* Begin PBXBuildFile section */
		37C667E0218444C2001268D9 /* AppDelegate.swift in Sources */ = {isa = PBXBuildFile; fileRef = 37C667DF218444C2001268D9 /* AppDelegate.swift */; };
		37C667E2218444C2001268D9 /* ViewController.swift in Sources */ = {isa = PBXBuildFile; fileRef = 37C667E1218444C2001268D9 /* ViewController.swift */; };
		37C667E5218444C2001268D9 /* Main.storyboard in Resources */ = {isa = PBXBuildFile; fileRef = 37C667E3218444C2001268D9 /* Main.storyboard */; };
		37C667E7218444C3001268D9 /* Assets.xcassets in Resources */ = {isa = PBXBuildFile; fileRef = 37C667E6218444C3001268D9 /* Assets.xcassets */; };
		37C667EA218444C3001268D9 /* LaunchScreen.storyboard in Resources */ = {isa = PBXBuildFile; fileRef = 37C667E8218444C3001268D9 /* LaunchScreen.storyboard */; };
		37E5F86621844FC600D36C4E /* light_saber3.mp3 in Resources */ = {isa = PBXBuildFile; fileRef = 37E5F86421844FC600D36C4E /* light_saber3.mp3 */; };
		37E5F86721844FC600D36C4E /* light_saber1.mp3 in Resources */ = {isa = PBXBuildFile; fileRef = 37E5F86521844FC600D36C4E /* light_saber1.mp3 */; };
/* End PBXBuildFile section */

/* Begin PBXFileReference section */
		37C667DC218444C2001268D9 /* LightSaberApp.app */ = {isa = PBXFileReference; explicitFileType = wrapper.application; includeInIndex = 0; path = LightSaberApp.app; sourceTree = BUILT_PRODUCTS_DIR; };
		37C667DF218444C2001268D9 /* AppDelegate.swift */ = {isa = PBXFileReference; lastKnownFileType = sourcecode.swift; path = AppDelegate.swift; sourceTree = "<group>"; };
		37C667E1218444C2001268D9 /* ViewController.swift */ = {isa = PBXFileReference; lastKnownFileType = sourcecode.swift; path = ViewController.swift; sourceTree = "<group>"; };
		37C667E4218444C2001268D9 /* Base */ = {isa = PBXFileReference; lastKnownFileType = file.storyboard; name = Base; path = Base.lproj/Main.storyboard; sourceTree = "<group>"; };
		37C667E6218444C3001268D9 /* Assets.xcassets */ = {isa = PBXFileReference; lastKnownFileType = folder.assetcatalog; path = Assets.xcassets; sourceTree = "<group>"; };
		37C667E9218444C3001268D9 /* Base */ = {isa = PBXFileReference; lastKnownFileType = file.storyboard; name = Base; path = Base.lproj/LaunchScreen.storyboard; sourceTree = "<group>"; };
		37C667EB218444C3001268D9 /* Info.plist */ = {isa = PBXFileReference; lastKnownFileType = text.plist.xml; path = Info.plist; sourceTree = "<group>"; };
		37E5F86421844FC600D36C4E /* light_saber3.mp3 */ = {isa = PBXFileReference; lastKnownFileType = audio.mp3; path = light_saber3.mp3; sourceTree = "<group>"; };
		37E5F86521844FC600D36C4E /* light_saber1.mp3 */ = {isa = PBXFileReference; lastKnownFileType = audio.mp3; path = light_saber1.mp3; sourceTree = "<group>"; };
/* End PBXFileReference section */

/* Begin PBXFrameworksBuildPhase section */
		37C667D9218444C2001268D9 /* Frameworks */ = {
			isa = PBXFrameworksBuildPhase;
			buildActionMask = 2147483647;
			files = (
			);
			runOnlyForDeploymentPostprocessing = 0;
		};
/* End PBXFrameworksBuildPhase section */

/* Begin PBXGroup section */
		37C667D3218444C2001268D9 = {
			isa = PBXGroup;
			children = (
				37C667DE218444C2001268D9 /* LightSaberApp */,
				37C667DD218444C2001268D9 /* Products */,
			);
			sourceTree = "<group>";
		};
		37C667DD218444C2001268D9 /* Products */ = {
			isa = PBXGroup;
			children = (
				37C667DC218444C2001268D9 /* LightSaberApp.app */,
			);
			name = Products;
			sourceTree = "<group>";
		};
		37C667DE218444C2001268D9 /* LightSaberApp */ = {
			isa = PBXGroup;
			children = (
				37C667DF218444C2001268D9 /* AppDelegate.swift */,
				37C667E1218444C2001268D9 /* ViewController.swift */,
				37C667E3218444C2001268D9 /* Main.storyboard */,
				37C667E6218444C3001268D9 /* Assets.xcassets */,
				37C667E8218444C3001268D9 /* LaunchScreen.storyboard */,
				37E5F86321844FC600D36C4E /* sound */,
				37C667EB218444C3001268D9 /* Info.plist */,
			);
			path = LightSaberApp;
			sourceTree = "<group>";
		};
		37E5F86321844FC600D36C4E /* sound */ = {
			isa = PBXGroup;
			children = (
				37E5F86421844FC600D36C4E /* light_saber3.mp3 */,
				37E5F86521844FC600D36C4E /* light_saber1.mp3 */,
			);
			path = sound;
			sourceTree = "<group>";
		};
/* End PBXGroup section */

/* Begin PBXNativeTarget section */
		37C667DB218444C2001268D9 /* LightSaberApp */ = {
			isa = PBXNativeTarget;
			buildConfigurationList = 37C667EE218444C3001268D9 /* Build configuration list for PBXNativeTarget "LightSaberApp" */;
			buildPhases = (
				37C667D8218444C2001268D9 /* Sources */,
				37C667D9218444C2001268D9 /* Frameworks */,
				37C667DA218444C2001268D9 /* Resources */,
			);
			buildRules = (
			);
			dependencies = (
			);
			name = LightSaberApp;
			productName = LightSaberApp;
			productReference = 37C667DC218444C2001268D9 /* LightSaberApp.app */;
			productType = "com.apple.product-type.application";
		};
/* End PBXNativeTarget section */

/* Begin PBXProject section */
		37C667D4218444C2001268D9 /* Project object */ = {
			isa = PBXProject;
			attributes = {
				LastSwiftUpdateCheck = 1000;
				LastUpgradeCheck = 1000;
				ORGANIZATIONNAME = shotaro;
				TargetAttributes = {
					37C667DB218444C2001268D9 = {
						CreatedOnToolsVersion = 10.0;
					};
				};
			};
			buildConfigurationList = 37C667D7218444C2001268D9 /* Build configuration list for PBXProject "LightSaberApp" */;
			compatibilityVersion = "Xcode 9.3";
			developmentRegion = en;
			hasScannedForEncodings = 0;
			knownRegions = (
				en,
				Base,
			);
			mainGroup = 37C667D3218444C2001268D9;
			productRefGroup = 37C667DD218444C2001268D9 /* Products */;
			projectDirPath = "";
			projectRoot = "";
			targets = (
				37C667DB218444C2001268D9 /* LightSaberApp */,
			);
		};
/* End PBXProject section */

/* Begin PBXResourcesBuildPhase section */
		37C667DA218444C2001268D9 /* Resources */ = {
			isa = PBXResourcesBuildPhase;
			buildActionMask = 2147483647;
			files = (
				37C667EA218444C3001268D9 /* LaunchScreen.storyboard in Resources */,
				37E5F86721844FC600D36C4E /* light_saber1.mp3 in Resources */,
				37E5F86621844FC600D36C4E /* light_saber3.mp3 in Resources */,
				37C667E7218444C3001268D9 /* Assets.xcassets in Resources */,
				37C667E5218444C2001268D9 /* Main.storyboard in Resources */,
			);
			runOnlyForDeploymentPostprocessing = 0;
		};
/* End PBXResourcesBuildPhase section */

/* Begin PBXSourcesBuildPhase section */
		37C667D8218444C2001268D9 /* Sources */ = {
			isa = PBXSourcesBuildPhase;
			buildActionMask = 2147483647;
			files = (
				37C667E2218444C2001268D9 /* ViewController.swift in Sources */,
				37C667E0218444C2001268D9 /* AppDelegate.swift in Sources */,
			);
			runOnlyForDeploymentPostprocessing = 0;
		};
/* End PBXSourcesBuildPhase section */

/* Begin PBXVariantGroup section */
		37C667E3218444C2001268D9 /* Main.storyboard */ = {
			isa = PBXVariantGroup;
			children = (
				37C667E4218444C2001268D9 /* Base */,
			);
			name = Main.storyboard;
			sourceTree = "<group>";
		};
		37C667E8218444C3001268D9 /* LaunchScreen.storyboard */ = {
			isa = PBXVariantGroup;
			children = (
				37C667E9218444C3001268D9 /* Base */,
			);
			name = LaunchScreen.storyboard;
			sourceTree = "<group>";
		};
/* End PBXVariantGroup section */

/* Begin XCBuildConfiguration section */
		37C667EC218444C3001268D9 /* Debug */ = {
			isa = XCBuildConfiguration;
			buildSettings = {
				ALWAYS_SEARCH_USER_PATHS = NO;
				CLANG_ANALYZER_NONNULL = YES;
				CLANG_ANALYZER_NUMBER_OBJECT_CONVERSION = YES_AGGRESSIVE;
				CLANG_CXX_LANGUAGE_STANDARD = "gnu++14";
				CLANG_CXX_LIBRARY = "libc++";
				CLANG_ENABLE_MODULES = YES;
				CLANG_ENABLE_OBJC_ARC = YES;
				CLANG_ENABLE_OBJC_WEAK = YES;
				CLANG_WARN_BLOCK_CAPTURE_AUTORELEASING = YES;
				CLANG_WARN_BOOL_CONVERSION = YES;
				CLANG_WARN_COMMA = YES;
				CLANG_WARN_CONSTANT_CONVERSION = YES;
				CLANG_WARN_DEPRECATED_OBJC_IMPLEMENTATIONS = YES;
				CLANG_WARN_DIRECT_OBJC_ISA_USAGE = YES_ERROR;
				CLANG_WARN_DOCUMENTATION_COMMENTS = YES;
				CLANG_WARN_EMPTY_BODY = YES;
				CLANG_WARN_ENUM_CONVERSION = YES;
				CLANG_WARN_INFINITE_RECURSION = YES;
				CLANG_WARN_INT_CONVERSION = YES;
				CLANG_WARN_NON_LITERAL_NULL_CONVERSION = YES;
				CLANG_WARN_OBJC_IMPLICIT_RETAIN_SELF = YES;
				CLANG_WARN_OBJC_LITERAL_CONVERSION = YES;
				CLANG_WARN_OBJC_ROOT_CLASS = YES_ERROR;
				CLANG_WARN_RANGE_LOOP_ANALYSIS = YES;
				CLANG_WARN_STRICT_PROTOTYPES = YES;
				CLANG_WARN_SUSPICIOUS_MOVE = YES;
				CLANG_WARN_UNGUARDED_AVAILABILITY = YES_AGGRESSIVE;
				CLANG_WARN_UNREACHABLE_CODE = YES;
				CLANG_WARN__DUPLICATE_METHOD_MATCH = YES;
				CODE_SIGN_IDENTITY = "iPhone Developer";
				COPY_PHASE_STRIP = NO;
				DEBUG_INFORMATION_FORMAT = dwarf;
				ENABLE_STRICT_OBJC_MSGSEND = YES;
				ENABLE_TESTABILITY = YES;
				GCC_C_LANGUAGE_STANDARD = gnu11;
				GCC_DYNAMIC_NO_PIC = NO;
				GCC_NO_COMMON_BLOCKS = YES;
				GCC_OPTIMIZATION_LEVEL = 0;
				GCC_PREPROCESSOR_DEFINITIONS = (
					"DEBUG=1",
					"$(inherited)",
				);
				GCC_WARN_64_TO_32_BIT_CONVERSION = YES;
				GCC_WARN_ABOUT_RETURN_TYPE = YES_ERROR;
				GCC_WARN_UNDECLARED_SELECTOR = YES;
				GCC_WARN_UNINITIALIZED_AUTOS = YES_AGGRESSIVE;
				GCC_WARN_UNUSED_FUNCTION = YES;
				GCC_WARN_UNUSED_VARIABLE = YES;
				IPHONEOS_DEPLOYMENT_TARGET = 12.0;
				MTL_ENABLE_DEBUG_INFO = INCLUDE_SOURCE;
				MTL_FAST_MATH = YES;
				ONLY_ACTIVE_ARCH = YES;
				SDKROOT = iphoneos;
				SWIFT_ACTIVE_COMPILATION_CONDITIONS = DEBUG;
				SWIFT_OPTIMIZATION_LEVEL = "-Onone";
			};
			name = Debug;
		};
		37C667ED218444C3001268D9 /* Release */ = {
			isa = XCBuildConfiguration;
			buildSettings = {
				ALWAYS_SEARCH_USER_PATHS = NO;
				CLANG_ANALYZER_NONNULL = YES;
				CLANG_ANALYZER_NUMBER_OBJECT_CONVERSION = YES_AGGRESSIVE;
				CLANG_CXX_LANGUAGE_STANDARD = "gnu++14";
				CLANG_CXX_LIBRARY = "libc++";
				CLANG_ENABLE_MODULES = YES;
				CLANG_ENABLE_OBJC_ARC = YES;
				CLANG_ENABLE_OBJC_WEAK = YES;
				CLANG_WARN_BLOCK_CAPTURE_AUTORELEASING = YES;
				CLANG_WARN_BOOL_CONVERSION = YES;
				CLANG_WARN_COMMA = YES;
				CLANG_WARN_CONSTANT_CONVERSION = YES;
				CLANG_WARN_DEPRECATED_OBJC_IMPLEMENTATIONS = YES;
				CLANG_WARN_DIRECT_OBJC_ISA_USAGE = YES_ERROR;
				CLANG_WARN_DOCUMENTATION_COMMENTS = YES;
				CLANG_WARN_EMPTY_BODY = YES;
				CLANG_WARN_ENUM_CONVERSION = YES;
				CLANG_WARN_INFINITE_RECURSION = YES;
				CLANG_WARN_INT_CONVERSION = YES;
				CLANG_WARN_NON_LITERAL_NULL_CONVERSION = YES;
				CLANG_WARN_OBJC_IMPLICIT_RETAIN_SELF = YES;
				CLANG_WARN_OBJC_LITERAL_CONVERSION = YES;
				CLANG_WARN_OBJC_ROOT_CLASS = YES_ERROR;
				CLANG_WARN_RANGE_LOOP_ANALYSIS = YES;
				CLANG_WARN_STRICT_PROTOTYPES = YES;
				CLANG_WARN_SUSPICIOUS_MOVE = YES;
				CLANG_WARN_UNGUARDED_AVAILABILITY = YES_AGGRESSIVE;
				CLANG_WARN_UNREACHABLE_CODE = YES;
				CLANG_WARN__DUPLICATE_METHOD_MATCH = YES;
				CODE_SIGN_IDENTITY = "iPhone Developer";
				COPY_PHASE_STRIP = NO;
				DEBUG_INFORMATION_FORMAT = "dwarf-with-dsym";
				ENABLE_NS_ASSERTIONS = NO;
				ENABLE_STRICT_OBJC_MSGSEND = YES;
				GCC_C_LANGUAGE_STANDARD = gnu11;
				GCC_NO_COMMON_BLOCKS = YES;
				GCC_WARN_64_TO_32_BIT_CONVERSION = YES;
				GCC_WARN_ABOUT_RETURN_TYPE = YES_ERROR;
				GCC_WARN_UNDECLARED_SELECTOR = YES;
				GCC_WARN_UNINITIALIZED_AUTOS = YES_AGGRESSIVE;
				GCC_WARN_UNUSED_FUNCTION = YES;
				GCC_WARN_UNUSED_VARIABLE = YES;
				IPHONEOS_DEPLOYMENT_TARGET = 12.0;
				MTL_ENABLE_DEBUG_INFO = NO;
				MTL_FAST_MATH = YES;
				SDKROOT = iphoneos;
				SWIFT_COMPILATION_MODE = wholemodule;
				SWIFT_OPTIMIZATION_LEVEL = "-O";
				VALIDATE_PRODUCT = YES;
			};
			name = Release;
		};
		37C667EF218444C3001268D9 /* Debug */ = {
			isa = XCBuildConfiguration;
			buildSettings = {
				ASSETCATALOG_COMPILER_APPICON_NAME = AppIcon;
				CODE_SIGN_STYLE = Automatic;
				DEVELOPMENT_TEAM = M82FLD6C75;
				INFOPLIST_FILE = LightSaberApp/Info.plist;
				LD_RUNPATH_SEARCH_PATHS = (
					"$(inherited)",
					"@executable_path/Frameworks",
				);
				PRODUCT_BUNDLE_IDENTIFIER = net.shotaroooe.LightSaberApp;
				PRODUCT_NAME = "$(TARGET_NAME)";
				SWIFT_VERSION = 4.2;
				TARGETED_DEVICE_FAMILY = "1,2";
			};
			name = Debug;
		};
		37C667F0218444C3001268D9 /* Release */ = {
			isa = XCBuildConfiguration;
			buildSettings = {
				ASSETCATALOG_COMPILER_APPICON_NAME = AppIcon;
				CODE_SIGN_STYLE = Automatic;
				DEVELOPMENT_TEAM = M82FLD6C75;
				INFOPLIST_FILE = LightSaberApp/Info.plist;
				LD_RUNPATH_SEARCH_PATHS = (
					"$(inherited)",
					"@executable_path/Frameworks",
				);
				PRODUCT_BUNDLE_IDENTIFIER = net.shotaroooe.LightSaberApp;
				PRODUCT_NAME = "$(TARGET_NAME)";
				SWIFT_VERSION = 4.2;
				TARGETED_DEVICE_FAMILY = "1,2";
			};
			name = Release;
		};
/* End XCBuildConfiguration section */

/* Begin XCConfigurationList section */
		37C667D7218444C2001268D9 /* Build configuration list for PBXProject "LightSaberApp" */ = {
			isa = XCConfigurationList;
			buildConfigurations = (
				37C667EC218444C3001268D9 /* Debug */,
				37C667ED218444C3001268D9 /* Release */,
			);
			defaultConfigurationIsVisible = 0;
			defaultConfigurationName = Release;
		};
		37C667EE218444C3001268D9 /* Build configuration list for PBXNativeTarget "LightSaberApp" */ = {
			isa = XCConfigurationList;
			buildConfigurations = (
				37C667EF218444C3001268D9 /* Debug */,
				37C667F0218444C3001268D9 /* Release */,
			);
			defaultConfigurationIsVisible = 0;
			defaultConfigurationName = Release;
		};
/* End XCConfigurationList section */
	};
	rootObject = 37C667D4218444C2001268D9 /* Project object */;
}
